
Microsoft Visual Studio Solution File, Format Version 12.00
# Visual Studio 14
VisualStudioVersion = 14.0.25420.1
MinimumVisualStudioVersion = 10.0.40219.1
Project("{2150E333-8FDC-42A3-9474-1A3956D46DE8}") = "src", "src", "{B91D560B-915A-46C6-954B-9856942FF433}"
EndProject
Project("{2150E333-8FDC-42A3-9474-1A3956D46DE8}") = "Solution Items", "Solution Items", "{EADF22A9-36CC-4207-9B1B-F513263333FD}"
	ProjectSection(SolutionItems) = preProject
		global.json = global.json
		NuGet.config = NuGet.config
		README.md = README.md
	EndProjectSection
EndProject
Project("{8BB2217D-0F2D-49D1-97BC-3654ED321F3B}") = "WebQQCore", "src\WebQQCore\WebQQCore.xproj", "{B4E0B5E6-9BBD-4437-B8CC-B19D17EFEDAB}"
EndProject
Project("{FAE04EC0-301F-11D3-BF4B-00C04F79EFBC}") = "BatchHangQQ", "src\BatchHangQQ\BatchHangQQ.csproj", "{30DBEE89-93AB-4FD8-9867-2628311808C6}"
	ProjectSection(ProjectDependencies) = postProject
		{B4E0B5E6-9BBD-4437-B8CC-B19D17EFEDAB} = {B4E0B5E6-9BBD-4437-B8CC-B19D17EFEDAB}
	EndProjectSection
EndProject
Project("{8BB2217D-0F2D-49D1-97BC-3654ED321F3B}") = "WebWeChat", "src\WebWeChat\WebWeChat.xproj", "{4A26FD07-CBCE-4793-B426-6D669328C2D6}"
EndProject
Project("{2150E333-8FDC-42A3-9474-1A3956D46DE8}") = "Stable", "Stable", "{83731653-1B30-4A66-8229-DB68D519C1D2}"
EndProject
Project("{2150E333-8FDC-42A3-9474-1A3956D46DE8}") = "Todo", "Todo", "{0D8917A3-60DF-46E2-9937-D5E2144F46A4}"
EndProject
Project("{8BB2217D-0F2D-49D1-97BC-3654ED321F3B}") = "WebQQ", "src\WebQQ\WebQQ.xproj", "{C57EAB08-8225-45B1-A571-B41BDF3A83D3}"
EndProject
Project("{8BB2217D-0F2D-49D1-97BC-3654ED321F3B}") = "HttpAction", "src\HttpAction\HttpAction.xproj", "{ED8A90AF-CF8A-46E1-B6D6-BF289B5F6C30}"
EndProject
Global
	GlobalSection(SolutionConfigurationPlatforms) = preSolution
		Debug|Any CPU = Debug|Any CPU
		Release|Any CPU = Release|Any CPU
	EndGlobalSection
	GlobalSection(ProjectConfigurationPlatforms) = postSolution
		{B4E0B5E6-9BBD-4437-B8CC-B19D17EFEDAB}.Debug|Any CPU.ActiveCfg = Debug|Any CPU
		{B4E0B5E6-9BBD-4437-B8CC-B19D17EFEDAB}.Debug|Any CPU.Build.0 = Debug|Any CPU
		{B4E0B5E6-9BBD-4437-B8CC-B19D17EFEDAB}.Release|Any CPU.ActiveCfg = Release|Any CPU
		{B4E0B5E6-9BBD-4437-B8CC-B19D17EFEDAB}.Release|Any CPU.Build.0 = Release|Any CPU
		{30DBEE89-93AB-4FD8-9867-2628311808C6}.Debug|Any CPU.ActiveCfg = Debug|Any CPU
		{30DBEE89-93AB-4FD8-9867-2628311808C6}.Debug|Any CPU.Build.0 = Debug|Any CPU
		{30DBEE89-93AB-4FD8-9867-2628311808C6}.Release|Any CPU.ActiveCfg = Release|Any CPU
		{30DBEE89-93AB-4FD8-9867-2628311808C6}.Release|Any CPU.Build.0 = Release|Any CPU
		{4A26FD07-CBCE-4793-B426-6D669328C2D6}.Debug|Any CPU.ActiveCfg = Debug|Any CPU
		{4A26FD07-CBCE-4793-B426-6D669328C2D6}.Debug|Any CPU.Build.0 = Debug|Any CPU
		{4A26FD07-CBCE-4793-B426-6D669328C2D6}.Release|Any CPU.ActiveCfg = Release|Any CPU
		{4A26FD07-CBCE-4793-B426-6D669328C2D6}.Release|Any CPU.Build.0 = Release|Any CPU
		{C57EAB08-8225-45B1-A571-B41BDF3A83D3}.Debug|Any CPU.ActiveCfg = Debug|Any CPU
		{C57EAB08-8225-45B1-A571-B41BDF3A83D3}.Debug|Any CPU.Build.0 = Debug|Any CPU
		{C57EAB08-8225-45B1-A571-B41BDF3A83D3}.Release|Any CPU.ActiveCfg = Release|Any CPU
		{C57EAB08-8225-45B1-A571-B41BDF3A83D3}.Release|Any CPU.Build.0 = Release|Any CPU
		{ED8A90AF-CF8A-46E1-B6D6-BF289B5F6C30}.Debug|Any CPU.ActiveCfg = Debug|Any CPU
		{ED8A90AF-CF8A-46E1-B6D6-BF289B5F6C30}.Debug|Any CPU.Build.0 = Debug|Any CPU
		{ED8A90AF-CF8A-46E1-B6D6-BF289B5F6C30}.Release|Any CPU.ActiveCfg = Release|Any CPU
		{ED8A90AF-CF8A-46E1-B6D6-BF289B5F6C30}.Release|Any CPU.Build.0 = Release|Any CPU
	EndGlobalSection
	GlobalSection(SolutionProperties) = preSolution
		HideSolutionNode = FALSE
	EndGlobalSection
	GlobalSection(NestedProjects) = preSolution
		{B4E0B5E6-9BBD-4437-B8CC-B19D17EFEDAB} = {83731653-1B30-4A66-8229-DB68D519C1D2}
		{30DBEE89-93AB-4FD8-9867-2628311808C6} = {83731653-1B30-4A66-8229-DB68D519C1D2}
		{4A26FD07-CBCE-4793-B426-6D669328C2D6} = {0D8917A3-60DF-46E2-9937-D5E2144F46A4}
		{83731653-1B30-4A66-8229-DB68D519C1D2} = {B91D560B-915A-46C6-954B-9856942FF433}
		{0D8917A3-60DF-46E2-9937-D5E2144F46A4} = {B91D560B-915A-46C6-954B-9856942FF433}
		{C57EAB08-8225-45B1-A571-B41BDF3A83D3} = {0D8917A3-60DF-46E2-9937-D5E2144F46A4}
		{ED8A90AF-CF8A-46E1-B6D6-BF289B5F6C30} = {0D8917A3-60DF-46E2-9937-D5E2144F46A4}
	EndGlobalSection
EndGlobal
