
Microsoft Visual Studio Solution File, Format Version 12.00
# Visual Studio 15
VisualStudioVersion = 15.0.26430.6
MinimumVisualStudioVersion = 10.0.40219.1
Project("{2150E333-8FDC-42A3-9474-1A3956D46DE8}") = "src", "src", "{B91D560B-915A-46C6-954B-9856942FF433}"
EndProject
Project("{2150E333-8FDC-42A3-9474-1A3956D46DE8}") = "Solution Items", "Solution Items", "{EADF22A9-36CC-4207-9B1B-F513263333FD}"
	ProjectSection(SolutionItems) = preProject
		global.json = global.json
		NuGet.config = NuGet.config
		nupkg\pack.bat = nupkg\pack.bat
		README.md = README.md
	EndProjectSection
EndProject
Project("{FAE04EC0-301F-11D3-BF4B-00C04F79EFBC}") = "BatchHangQQ", "src\BatchHangQQ\BatchHangQQ.csproj", "{30DBEE89-93AB-4FD8-9867-2628311808C6}"
EndProject
Project("{2150E333-8FDC-42A3-9474-1A3956D46DE8}") = "Outdated", "Outdated", "{0D8917A3-60DF-46E2-9937-D5E2144F46A4}"
EndProject
Project("{FAE04EC0-301F-11D3-BF4B-00C04F79EFBC}") = "WebQQ", "src\WebQQ\WebQQ.csproj", "{DA6E06C1-BD44-494D-BE20-2B985AFFB010}"
EndProject
Project("{9A19103F-16F7-4668-BE54-9A1E7A4F7556}") = "WebQQCore", "src\WebQQCore\WebQQCore.csproj", "{3A04DAC7-30E4-486E-98E6-F82F266F3B89}"
EndProject
Project("{2150E333-8FDC-42A3-9474-1A3956D46DE8}") = "Todo", "Todo", "{6D29E172-1BA1-45B5-883B-FAEE1D3430BF}"
EndProject
Project("{9A19103F-16F7-4668-BE54-9A1E7A4F7556}") = "WebWeChat", "src\WebWeChat\WebWeChat.csproj", "{F0309306-189F-433F-A867-61A0167AA35E}"
EndProject
Project("{9A19103F-16F7-4668-BE54-9A1E7A4F7556}") = "ConsoleTest", "src\ConsoleTest\ConsoleTest.csproj", "{52740FB3-DC71-41EE-98C5-F3D738EE49F0}"
EndProject
Project("{9A19103F-16F7-4668-BE54-9A1E7A4F7556}") = "WebManager", "src\WebManager\WebManager.csproj", "{B1DC9AA5-CA6C-4892-BA77-6A57C68167BA}"
EndProject
Project("{2150E333-8FDC-42A3-9474-1A3956D46DE8}") = "Web", "Web", "{6C87BA0A-D61A-4680-B7D9-7F1AA8E917B5}"
EndProject
Project("{FAE04EC0-301F-11D3-BF4B-00C04F79EFBC}") = "Domain", "src\Domain\Domain.csproj", "{845606F2-DFEC-4F62-9203-D0D2DE732457}"
EndProject
Project("{FAE04EC0-301F-11D3-BF4B-00C04F79EFBC}") = "EfCore", "src\EfCore\EfCore.csproj", "{166A67C9-E899-4760-80A7-D2BEB504D548}"
EndProject
Project("{FAE04EC0-301F-11D3-BF4B-00C04F79EFBC}") = "Application", "src\Application\Application.csproj", "{4D9ACAD0-A141-42CD-95F0-0396B284F9ED}"
EndProject
Project("{9A19103F-16F7-4668-BE54-9A1E7A4F7556}") = "WebTest.Console", "src\WebTest.Console\WebTest.Console.csproj", "{097AE927-6D69-4A49-B2F9-48C9533449B5}"
EndProject
Project("{9A19103F-16F7-4668-BE54-9A1E7A4F7556}") = "WebClient", "src\WebClient\WebClient.csproj", "{950753C9-A1C0-4C81-8E98-C2DFB00F8CF3}"
EndProject
Global
	GlobalSection(SolutionConfigurationPlatforms) = preSolution
		Debug|Any CPU = Debug|Any CPU
		Release|Any CPU = Release|Any CPU
	EndGlobalSection
	GlobalSection(ProjectConfigurationPlatforms) = postSolution
		{30DBEE89-93AB-4FD8-9867-2628311808C6}.Debug|Any CPU.ActiveCfg = Debug|Any CPU
		{30DBEE89-93AB-4FD8-9867-2628311808C6}.Debug|Any CPU.Build.0 = Debug|Any CPU
		{30DBEE89-93AB-4FD8-9867-2628311808C6}.Release|Any CPU.ActiveCfg = Release|Any CPU
		{30DBEE89-93AB-4FD8-9867-2628311808C6}.Release|Any CPU.Build.0 = Release|Any CPU
		{DA6E06C1-BD44-494D-BE20-2B985AFFB010}.Debug|Any CPU.ActiveCfg = Debug|Any CPU
		{DA6E06C1-BD44-494D-BE20-2B985AFFB010}.Debug|Any CPU.Build.0 = Debug|Any CPU
		{DA6E06C1-BD44-494D-BE20-2B985AFFB010}.Release|Any CPU.ActiveCfg = Release|Any CPU
		{DA6E06C1-BD44-494D-BE20-2B985AFFB010}.Release|Any CPU.Build.0 = Release|Any CPU
		{3A04DAC7-30E4-486E-98E6-F82F266F3B89}.Debug|Any CPU.ActiveCfg = Debug|Any CPU
		{3A04DAC7-30E4-486E-98E6-F82F266F3B89}.Debug|Any CPU.Build.0 = Debug|Any CPU
		{3A04DAC7-30E4-486E-98E6-F82F266F3B89}.Release|Any CPU.ActiveCfg = Release|Any CPU
		{3A04DAC7-30E4-486E-98E6-F82F266F3B89}.Release|Any CPU.Build.0 = Release|Any CPU
		{F0309306-189F-433F-A867-61A0167AA35E}.Debug|Any CPU.ActiveCfg = Debug|Any CPU
		{F0309306-189F-433F-A867-61A0167AA35E}.Debug|Any CPU.Build.0 = Debug|Any CPU
		{F0309306-189F-433F-A867-61A0167AA35E}.Release|Any CPU.ActiveCfg = Release|Any CPU
		{F0309306-189F-433F-A867-61A0167AA35E}.Release|Any CPU.Build.0 = Release|Any CPU
		{52740FB3-DC71-41EE-98C5-F3D738EE49F0}.Debug|Any CPU.ActiveCfg = Debug|Any CPU
		{52740FB3-DC71-41EE-98C5-F3D738EE49F0}.Debug|Any CPU.Build.0 = Debug|Any CPU
		{52740FB3-DC71-41EE-98C5-F3D738EE49F0}.Release|Any CPU.ActiveCfg = Release|Any CPU
		{52740FB3-DC71-41EE-98C5-F3D738EE49F0}.Release|Any CPU.Build.0 = Release|Any CPU
		{B1DC9AA5-CA6C-4892-BA77-6A57C68167BA}.Debug|Any CPU.ActiveCfg = Debug|Any CPU
		{B1DC9AA5-CA6C-4892-BA77-6A57C68167BA}.Debug|Any CPU.Build.0 = Debug|Any CPU
		{B1DC9AA5-CA6C-4892-BA77-6A57C68167BA}.Release|Any CPU.ActiveCfg = Release|Any CPU
		{B1DC9AA5-CA6C-4892-BA77-6A57C68167BA}.Release|Any CPU.Build.0 = Release|Any CPU
		{845606F2-DFEC-4F62-9203-D0D2DE732457}.Debug|Any CPU.ActiveCfg = Debug|Any CPU
		{845606F2-DFEC-4F62-9203-D0D2DE732457}.Debug|Any CPU.Build.0 = Debug|Any CPU
		{845606F2-DFEC-4F62-9203-D0D2DE732457}.Release|Any CPU.ActiveCfg = Release|Any CPU
		{845606F2-DFEC-4F62-9203-D0D2DE732457}.Release|Any CPU.Build.0 = Release|Any CPU
		{166A67C9-E899-4760-80A7-D2BEB504D548}.Debug|Any CPU.ActiveCfg = Debug|Any CPU
		{166A67C9-E899-4760-80A7-D2BEB504D548}.Debug|Any CPU.Build.0 = Debug|Any CPU
		{166A67C9-E899-4760-80A7-D2BEB504D548}.Release|Any CPU.ActiveCfg = Release|Any CPU
		{166A67C9-E899-4760-80A7-D2BEB504D548}.Release|Any CPU.Build.0 = Release|Any CPU
		{4D9ACAD0-A141-42CD-95F0-0396B284F9ED}.Debug|Any CPU.ActiveCfg = Debug|Any CPU
		{4D9ACAD0-A141-42CD-95F0-0396B284F9ED}.Debug|Any CPU.Build.0 = Debug|Any CPU
		{4D9ACAD0-A141-42CD-95F0-0396B284F9ED}.Release|Any CPU.ActiveCfg = Release|Any CPU
		{4D9ACAD0-A141-42CD-95F0-0396B284F9ED}.Release|Any CPU.Build.0 = Release|Any CPU
		{097AE927-6D69-4A49-B2F9-48C9533449B5}.Debug|Any CPU.ActiveCfg = Debug|Any CPU
		{097AE927-6D69-4A49-B2F9-48C9533449B5}.Debug|Any CPU.Build.0 = Debug|Any CPU
		{097AE927-6D69-4A49-B2F9-48C9533449B5}.Release|Any CPU.ActiveCfg = Release|Any CPU
		{097AE927-6D69-4A49-B2F9-48C9533449B5}.Release|Any CPU.Build.0 = Release|Any CPU
		{950753C9-A1C0-4C81-8E98-C2DFB00F8CF3}.Debug|Any CPU.ActiveCfg = Debug|Any CPU
		{950753C9-A1C0-4C81-8E98-C2DFB00F8CF3}.Debug|Any CPU.Build.0 = Debug|Any CPU
		{950753C9-A1C0-4C81-8E98-C2DFB00F8CF3}.Release|Any CPU.ActiveCfg = Release|Any CPU
		{950753C9-A1C0-4C81-8E98-C2DFB00F8CF3}.Release|Any CPU.Build.0 = Release|Any CPU
	EndGlobalSection
	GlobalSection(SolutionProperties) = preSolution
		HideSolutionNode = FALSE
	EndGlobalSection
	GlobalSection(NestedProjects) = preSolution
		{30DBEE89-93AB-4FD8-9867-2628311808C6} = {0D8917A3-60DF-46E2-9937-D5E2144F46A4}
		{0D8917A3-60DF-46E2-9937-D5E2144F46A4} = {B91D560B-915A-46C6-954B-9856942FF433}
		{DA6E06C1-BD44-494D-BE20-2B985AFFB010} = {6D29E172-1BA1-45B5-883B-FAEE1D3430BF}
		{3A04DAC7-30E4-486E-98E6-F82F266F3B89} = {0D8917A3-60DF-46E2-9937-D5E2144F46A4}
		{6D29E172-1BA1-45B5-883B-FAEE1D3430BF} = {B91D560B-915A-46C6-954B-9856942FF433}
		{F0309306-189F-433F-A867-61A0167AA35E} = {6D29E172-1BA1-45B5-883B-FAEE1D3430BF}
		{52740FB3-DC71-41EE-98C5-F3D738EE49F0} = {6D29E172-1BA1-45B5-883B-FAEE1D3430BF}
		{B1DC9AA5-CA6C-4892-BA77-6A57C68167BA} = {6C87BA0A-D61A-4680-B7D9-7F1AA8E917B5}
		{6C87BA0A-D61A-4680-B7D9-7F1AA8E917B5} = {B91D560B-915A-46C6-954B-9856942FF433}
		{845606F2-DFEC-4F62-9203-D0D2DE732457} = {6C87BA0A-D61A-4680-B7D9-7F1AA8E917B5}
		{166A67C9-E899-4760-80A7-D2BEB504D548} = {6C87BA0A-D61A-4680-B7D9-7F1AA8E917B5}
		{4D9ACAD0-A141-42CD-95F0-0396B284F9ED} = {6C87BA0A-D61A-4680-B7D9-7F1AA8E917B5}
		{097AE927-6D69-4A49-B2F9-48C9533449B5} = {6C87BA0A-D61A-4680-B7D9-7F1AA8E917B5}
		{950753C9-A1C0-4C81-8E98-C2DFB00F8CF3} = {6C87BA0A-D61A-4680-B7D9-7F1AA8E917B5}
	EndGlobalSection
EndGlobal
