
Microsoft Visual Studio Solution File, Format Version 12.00
# Visual Studio 15
VisualStudioVersion = 15.0.27004.2010
MinimumVisualStudioVersion = 10.0.40219.1
Project("{2150E333-8FDC-42A3-9474-1A3956D46DE8}") = "src", "src", "{B91D560B-915A-46C6-954B-9856942FF433}"
EndProject
Project("{2150E333-8FDC-42A3-9474-1A3956D46DE8}") = "Solution Items", "Solution Items", "{EADF22A9-36CC-4207-9B1B-F513263333FD}"
	ProjectSection(SolutionItems) = preProject
		global.json = global.json
		NuGet.config = NuGet.config
		nupkg\pack.bat = nupkg\pack.bat
		README.md = README.md
	EndProjectSection
EndProject
Project("{FAE04EC0-301F-11D3-BF4B-00C04F79EFBC}") = "BatchHangQQ", "src\BatchHangQQ\BatchHangQQ.csproj", "{30DBEE89-93AB-4FD8-9867-2628311808C6}"
EndProject
Project("{2150E333-8FDC-42A3-9474-1A3956D46DE8}") = "Outdated", "Outdated", "{0D8917A3-60DF-46E2-9937-D5E2144F46A4}"
EndProject
Project("{9A19103F-16F7-4668-BE54-9A1E7A4F7556}") = "WebQQ", "src\WebQQ\WebQQ.csproj", "{DA6E06C1-BD44-494D-BE20-2B985AFFB010}"
EndProject
Project("{9A19103F-16F7-4668-BE54-9A1E7A4F7556}") = "WebQQCore", "src\WebQQCore\WebQQCore.csproj", "{3A04DAC7-30E4-486E-98E6-F82F266F3B89}"
EndProject
Project("{2150E333-8FDC-42A3-9474-1A3956D46DE8}") = "Todo", "Todo", "{6D29E172-1BA1-45B5-883B-FAEE1D3430BF}"
EndProject
Project("{9A19103F-16F7-4668-BE54-9A1E7A4F7556}") = "WebWeChat", "src\WebWeChat\WebWeChat.csproj", "{F0309306-189F-433F-A867-61A0167AA35E}"
EndProject
Project("{9A19103F-16F7-4668-BE54-9A1E7A4F7556}") = "ConsoleTest", "src\ConsoleTest\ConsoleTest.csproj", "{52740FB3-DC71-41EE-98C5-F3D738EE49F0}"
EndProject
Project("{9A19103F-16F7-4668-BE54-9A1E7A4F7556}") = "WebIm", "src\WebIm\WebIm.csproj", "{04ED29E7-C594-4958-AB21-02B328BA3F1E}"
EndProject
Project("{2150E333-8FDC-42A3-9474-1A3956D46DE8}") = "Ref", "Ref", "{080E8320-9166-4586-890E-53019C5453E3}"
EndProject
Global
	GlobalSection(SolutionConfigurationPlatforms) = preSolution
		Debug|Any CPU = Debug|Any CPU
		Release|Any CPU = Release|Any CPU
	EndGlobalSection
	GlobalSection(ProjectConfigurationPlatforms) = postSolution
		{30DBEE89-93AB-4FD8-9867-2628311808C6}.Debug|Any CPU.ActiveCfg = Debug|Any CPU
		{30DBEE89-93AB-4FD8-9867-2628311808C6}.Debug|Any CPU.Build.0 = Debug|Any CPU
		{30DBEE89-93AB-4FD8-9867-2628311808C6}.Release|Any CPU.ActiveCfg = Release|Any CPU
		{30DBEE89-93AB-4FD8-9867-2628311808C6}.Release|Any CPU.Build.0 = Release|Any CPU
		{DA6E06C1-BD44-494D-BE20-2B985AFFB010}.Debug|Any CPU.ActiveCfg = Debug|Any CPU
		{DA6E06C1-BD44-494D-BE20-2B985AFFB010}.Debug|Any CPU.Build.0 = Debug|Any CPU
		{DA6E06C1-BD44-494D-BE20-2B985AFFB010}.Release|Any CPU.ActiveCfg = Release|Any CPU
		{DA6E06C1-BD44-494D-BE20-2B985AFFB010}.Release|Any CPU.Build.0 = Release|Any CPU
		{3A04DAC7-30E4-486E-98E6-F82F266F3B89}.Debug|Any CPU.ActiveCfg = Debug|Any CPU
		{3A04DAC7-30E4-486E-98E6-F82F266F3B89}.Debug|Any CPU.Build.0 = Debug|Any CPU
		{3A04DAC7-30E4-486E-98E6-F82F266F3B89}.Release|Any CPU.ActiveCfg = Release|Any CPU
		{3A04DAC7-30E4-486E-98E6-F82F266F3B89}.Release|Any CPU.Build.0 = Release|Any CPU
		{F0309306-189F-433F-A867-61A0167AA35E}.Debug|Any CPU.ActiveCfg = Debug|Any CPU
		{F0309306-189F-433F-A867-61A0167AA35E}.Debug|Any CPU.Build.0 = Debug|Any CPU
		{F0309306-189F-433F-A867-61A0167AA35E}.Release|Any CPU.ActiveCfg = Release|Any CPU
		{F0309306-189F-433F-A867-61A0167AA35E}.Release|Any CPU.Build.0 = Release|Any CPU
		{52740FB3-DC71-41EE-98C5-F3D738EE49F0}.Debug|Any CPU.ActiveCfg = Debug|Any CPU
		{52740FB3-DC71-41EE-98C5-F3D738EE49F0}.Debug|Any CPU.Build.0 = Debug|Any CPU
		{52740FB3-DC71-41EE-98C5-F3D738EE49F0}.Release|Any CPU.ActiveCfg = Release|Any CPU
		{52740FB3-DC71-41EE-98C5-F3D738EE49F0}.Release|Any CPU.Build.0 = Release|Any CPU
		{04ED29E7-C594-4958-AB21-02B328BA3F1E}.Debug|Any CPU.ActiveCfg = Debug|Any CPU
		{04ED29E7-C594-4958-AB21-02B328BA3F1E}.Debug|Any CPU.Build.0 = Debug|Any CPU
		{04ED29E7-C594-4958-AB21-02B328BA3F1E}.Release|Any CPU.ActiveCfg = Release|Any CPU
		{04ED29E7-C594-4958-AB21-02B328BA3F1E}.Release|Any CPU.Build.0 = Release|Any CPU
	EndGlobalSection
	GlobalSection(SolutionProperties) = preSolution
		HideSolutionNode = FALSE
	EndGlobalSection
	GlobalSection(NestedProjects) = preSolution
		{30DBEE89-93AB-4FD8-9867-2628311808C6} = {0D8917A3-60DF-46E2-9937-D5E2144F46A4}
		{0D8917A3-60DF-46E2-9937-D5E2144F46A4} = {B91D560B-915A-46C6-954B-9856942FF433}
		{DA6E06C1-BD44-494D-BE20-2B985AFFB010} = {6D29E172-1BA1-45B5-883B-FAEE1D3430BF}
		{3A04DAC7-30E4-486E-98E6-F82F266F3B89} = {0D8917A3-60DF-46E2-9937-D5E2144F46A4}
		{6D29E172-1BA1-45B5-883B-FAEE1D3430BF} = {B91D560B-915A-46C6-954B-9856942FF433}
		{F0309306-189F-433F-A867-61A0167AA35E} = {6D29E172-1BA1-45B5-883B-FAEE1D3430BF}
		{52740FB3-DC71-41EE-98C5-F3D738EE49F0} = {6D29E172-1BA1-45B5-883B-FAEE1D3430BF}
		{04ED29E7-C594-4958-AB21-02B328BA3F1E} = {6D29E172-1BA1-45B5-883B-FAEE1D3430BF}
		{080E8320-9166-4586-890E-53019C5453E3} = {B91D560B-915A-46C6-954B-9856942FF433}
	EndGlobalSection
	GlobalSection(ExtensibilityGlobals) = postSolution
		SolutionGuid = {9AAD2102-3FEB-4727-A8F0-075DA28D2FF3}
	EndGlobalSection
EndGlobal
